{
  "name": "systeminformation-issue",
  "version": "1.0.0",
  "lockfileVersion": 2,
  "requires": true,
  "packages": {
    "": {
      "name": "systeminformation-issue",
      "version": "1.0.0",
      "dependencies": {
        "systeminformation": "^5.16.1"
      }
    },
    "node_modules/systeminformation": {
      "version": "5.16.1",
      "resolved": "https://registry.npmjs.org/systeminformation/-/systeminformation-5.16.1.tgz",
      "integrity": "sha512-n2YQycKZar7ijkkZz10Pnn5mdt3kep2HlGplvQj5d7BFiT9bw7EH/Zeaa8qFS1l93aohp6fistGkcFYgw+6v1g==",
      "os": [
        "darwin",
        "linux",
        "win32",
        "freebsd",
        "openbsd",
        "netbsd",
        "sunos",
        "android"
      ],
      "bin": {
        "systeminformation": "lib/cli.js"
      },
      "engines": {
        "node": ">=8.0.0"
      },
      "funding": {
        "type": "Buy me a coffee",
        "url": "https://www.buymeacoffee.com/systeminfo"
      }
    }
  },
  "dependencies": {
    "systeminformation": {
      "version": "5.16.1",
      "resolved": "https://registry.npmjs.org/systeminformation/-/systeminformation-5.16.1.tgz",
      "integrity": "sha512-n2YQycKZar7ijkkZz10Pnn5mdt3kep2HlGplvQj5d7BFiT9bw7EH/Zeaa8qFS1l93aohp6fistGkcFYgw+6v1g=="
    }
  }
}
